// !$*UTF8*$!
{
	archiveVersion = 1;
	classes = {
	};
	objectVersion = 46;
	objects = {

/* Begin PBXAggregateTarget section */
		"Selm::SelmPackageTests::ProductTarget" /* SelmPackageTests */ = {
			isa = PBXAggregateTarget;
			buildConfigurationList = OBJ_52 /* Build configuration list for PBXAggregateTarget "SelmPackageTests" */;
			buildPhases = (
			);
			dependencies = (
				OBJ_55 /* PBXTargetDependency */,
			);
			name = SelmPackageTests;
			productName = SelmPackageTests;
		};
/* End PBXAggregateTarget section */

/* Begin PBXBuildFile section */
		CB8760330F04012D646B11CE /* UIViewController+Swizzling.swift in Sources */ = {isa = PBXBuildFile; fileRef = CB8769A471932429EA332C53 /* UIViewController+Swizzling.swift */; };
		CB876C6D5A2D821BFF70F731 /* LifecycleObservation.swift in Sources */ = {isa = PBXBuildFile; fileRef = CB8762D5E0B038A7D63CF38D /* LifecycleObservation.swift */; };
		CB876D2AD218947043CA7FD4 /* LifecycleWireframeProtocol+Extensions.swift in Sources */ = {isa = PBXBuildFile; fileRef = CB8768D90005B8A625A11788 /* LifecycleWireframeProtocol+Extensions.swift */; };
		CB876FC4E3EF21E378FF2A1C /* UIViewController+ViewProtocol.swift in Sources */ = {isa = PBXBuildFile; fileRef = CB876E15FAD826B7E91677B9 /* UIViewController+ViewProtocol.swift */; };
		OBJ_36 /* Cmd.swift in Sources */ = {isa = PBXBuildFile; fileRef = OBJ_11 /* Cmd.swift */; };
		OBJ_37 /* Dispatcher.swift in Sources */ = {isa = PBXBuildFile; fileRef = OBJ_12 /* Dispatcher.swift */; };
		OBJ_38 /* Functions.swift in Sources */ = {isa = PBXBuildFile; fileRef = OBJ_13 /* Functions.swift */; };
		OBJ_39 /* LifecycleMsgProtocol.swift in Sources */ = {isa = PBXBuildFile; fileRef = OBJ_14 /* LifecycleMsgProtocol.swift */; };
		OBJ_40 /* LifecycleWireframeProtocol.swift in Sources */ = {isa = PBXBuildFile; fileRef = OBJ_15 /* LifecycleWireframeProtocol.swift */; };
		OBJ_41 /* Runner.swift in Sources */ = {isa = PBXBuildFile; fileRef = OBJ_16 /* Runner.swift */; };
		OBJ_42 /* Types.swift in Sources */ = {isa = PBXBuildFile; fileRef = OBJ_17 /* Types.swift */; };
		OBJ_43 /* ViewProtocol.swift in Sources */ = {isa = PBXBuildFile; fileRef = OBJ_18 /* ViewProtocol.swift */; };
		OBJ_50 /* Package.swift in Sources */ = {isa = PBXBuildFile; fileRef = OBJ_6 /* Package.swift */; };
		OBJ_61 /* CmdTests.swift in Sources */ = {isa = PBXBuildFile; fileRef = OBJ_21 /* CmdTests.swift */; };
		OBJ_62 /* DispatcherTests.swift in Sources */ = {isa = PBXBuildFile; fileRef = OBJ_22 /* DispatcherTests.swift */; };
		OBJ_63 /* FunctionsTests.swift in Sources */ = {isa = PBXBuildFile; fileRef = OBJ_23 /* FunctionsTests.swift */; };
		OBJ_64 /* RunnerTests.swift in Sources */ = {isa = PBXBuildFile; fileRef = OBJ_24 /* RunnerTests.swift */; };
		OBJ_65 /* XCTestManifests.swift in Sources */ = {isa = PBXBuildFile; fileRef = OBJ_25 /* XCTestManifests.swift */; };
		OBJ_67 /* Selm.framework in Frameworks */ = {isa = PBXBuildFile; fileRef = "Selm::Selm::Product" /* Selm.framework */; };
/* End PBXBuildFile section */

/* Begin PBXFileReference section */
		CB8762D5E0B038A7D63CF38D /* LifecycleObservation.swift */ = {isa = PBXFileReference; fileEncoding = 4; lastKnownFileType = sourcecode.swift; path = LifecycleObservation.swift; sourceTree = "<group>"; };
		CB8768D90005B8A625A11788 /* LifecycleWireframeProtocol+Extensions.swift */ = {isa = PBXFileReference; fileEncoding = 4; lastKnownFileType = sourcecode.swift; path = "LifecycleWireframeProtocol+Extensions.swift"; sourceTree = "<group>"; };
		CB8769A471932429EA332C53 /* UIViewController+Swizzling.swift */ = {isa = PBXFileReference; fileEncoding = 4; lastKnownFileType = sourcecode.swift; path = "UIViewController+Swizzling.swift"; sourceTree = "<group>"; };
		CB876E15FAD826B7E91677B9 /* UIViewController+ViewProtocol.swift */ = {isa = PBXFileReference; fileEncoding = 4; lastKnownFileType = sourcecode.swift; path = "UIViewController+ViewProtocol.swift"; sourceTree = "<group>"; };
		OBJ_11 /* Cmd.swift */ = {isa = PBXFileReference; path = Cmd.swift; sourceTree = "<group>"; };
		OBJ_12 /* Dispatcher.swift */ = {isa = PBXFileReference; path = Dispatcher.swift; sourceTree = "<group>"; };
		OBJ_13 /* Functions.swift */ = {isa = PBXFileReference; path = Functions.swift; sourceTree = "<group>"; };
		OBJ_14 /* LifecycleMsgProtocol.swift */ = {isa = PBXFileReference; path = LifecycleMsgProtocol.swift; sourceTree = "<group>"; };
		OBJ_15 /* LifecycleWireframeProtocol.swift */ = {isa = PBXFileReference; path = LifecycleWireframeProtocol.swift; sourceTree = "<group>"; };
		OBJ_16 /* Runner.swift */ = {isa = PBXFileReference; path = Runner.swift; sourceTree = "<group>"; };
		OBJ_17 /* Types.swift */ = {isa = PBXFileReference; path = Types.swift; sourceTree = "<group>"; };
		OBJ_18 /* ViewProtocol.swift */ = {isa = PBXFileReference; path = ViewProtocol.swift; sourceTree = "<group>"; };
		OBJ_21 /* CmdTests.swift */ = {isa = PBXFileReference; path = CmdTests.swift; sourceTree = "<group>"; };
		OBJ_22 /* DispatcherTests.swift */ = {isa = PBXFileReference; path = DispatcherTests.swift; sourceTree = "<group>"; };
		OBJ_23 /* FunctionsTests.swift */ = {isa = PBXFileReference; path = FunctionsTests.swift; sourceTree = "<group>"; };
		OBJ_24 /* RunnerTests.swift */ = {isa = PBXFileReference; path = RunnerTests.swift; sourceTree = "<group>"; };
		OBJ_25 /* XCTestManifests.swift */ = {isa = PBXFileReference; path = XCTestManifests.swift; sourceTree = "<group>"; };
		OBJ_29 /* LICENSE */ = {isa = PBXFileReference; path = LICENSE; sourceTree = "<group>"; };
		OBJ_30 /* README.md */ = {isa = PBXFileReference; path = README.md; sourceTree = "<group>"; };
		OBJ_6 /* Package.swift */ = {isa = PBXFileReference; explicitFileType = sourcecode.swift; path = Package.swift; sourceTree = "<group>"; };
		OBJ_8 /* ios.xcconfig */ = {isa = PBXFileReference; name = ios.xcconfig; path = Sources/ios.xcconfig; sourceTree = "<group>"; };
		"Selm::Selm::Product" /* Selm.framework */ = {isa = PBXFileReference; path = Selm.framework; sourceTree = BUILT_PRODUCTS_DIR; };
		"Selm::SelmTests::Product" /* SelmTests.xctest */ = {isa = PBXFileReference; path = SelmTests.xctest; sourceTree = BUILT_PRODUCTS_DIR; };
/* End PBXFileReference section */

/* Begin PBXFrameworksBuildPhase section */
		OBJ_44 /* Frameworks */ = {
			isa = PBXFrameworksBuildPhase;
			files = (
			);
		};
		OBJ_66 /* Frameworks */ = {
			isa = PBXFrameworksBuildPhase;
			files = (
				OBJ_67 /* Selm.framework in Frameworks */,
			);
		};
/* End PBXFrameworksBuildPhase section */

/* Begin PBXGroup section */
		CB876996BDBAD44C4840493B /* iOS */ = {
			isa = PBXGroup;
			children = (
				CB876E15FAD826B7E91677B9 /* UIViewController+ViewProtocol.swift */,
				CB8768D90005B8A625A11788 /* LifecycleWireframeProtocol+Extensions.swift */,
				CB8769A471932429EA332C53 /* UIViewController+Swizzling.swift */,
			);
			path = iOS;
			sourceTree = "<group>";
		};
		OBJ_10 /* Selm */ = {
			isa = PBXGroup;
			children = (
				OBJ_11 /* Cmd.swift */,
				OBJ_12 /* Dispatcher.swift */,
				OBJ_13 /* Functions.swift */,
				OBJ_14 /* LifecycleMsgProtocol.swift */,
				OBJ_15 /* LifecycleWireframeProtocol.swift */,
				OBJ_16 /* Runner.swift */,
				OBJ_17 /* Types.swift */,
				OBJ_18 /* ViewProtocol.swift */,
				CB876996BDBAD44C4840493B /* iOS */,
				CB8762D5E0B038A7D63CF38D /* LifecycleObservation.swift */,
			);
			name = Selm;
			path = Sources/Selm;
			sourceTree = SOURCE_ROOT;
		};
		OBJ_19 /* Tests */ = {
			isa = PBXGroup;
			children = (
				OBJ_20 /* SelmTests */,
			);
			name = Tests;
			path = "";
			sourceTree = SOURCE_ROOT;
		};
		OBJ_20 /* SelmTests */ = {
			isa = PBXGroup;
			children = (
				OBJ_21 /* CmdTests.swift */,
				OBJ_22 /* DispatcherTests.swift */,
				OBJ_23 /* FunctionsTests.swift */,
				OBJ_24 /* RunnerTests.swift */,
				OBJ_25 /* XCTestManifests.swift */,
			);
			name = SelmTests;
			path = Tests/SelmTests;
			sourceTree = SOURCE_ROOT;
		};
		OBJ_26 /* Products */ = {
			isa = PBXGroup;
			children = (
				"Selm::Selm::Product" /* Selm.framework */,
				"Selm::SelmTests::Product" /* SelmTests.xctest */,
			);
			name = Products;
			path = "";
			sourceTree = BUILT_PRODUCTS_DIR;
		};
		OBJ_5 /*  */ = {
			isa = PBXGroup;
			children = (
				OBJ_6 /* Package.swift */,
				OBJ_7 /* Configs */,
				OBJ_9 /* Sources */,
				OBJ_19 /* Tests */,
				OBJ_26 /* Products */,
				OBJ_29 /* LICENSE */,
				OBJ_30 /* README.md */,
			);
			path = "";
			sourceTree = "<group>";
		};
		OBJ_7 /* Configs */ = {
			isa = PBXGroup;
			children = (
				OBJ_8 /* ios.xcconfig */,
			);
			name = Configs;
			path = "";
			sourceTree = "<group>";
		};
		OBJ_9 /* Sources */ = {
			isa = PBXGroup;
			children = (
				OBJ_10 /* Selm */,
			);
			name = Sources;
			path = "";
			sourceTree = SOURCE_ROOT;
		};
/* End PBXGroup section */

/* Begin PBXNativeTarget section */
		"Selm::Selm" /* Selm */ = {
			isa = PBXNativeTarget;
			buildConfigurationList = OBJ_32 /* Build configuration list for PBXNativeTarget "Selm" */;
			buildPhases = (
				OBJ_35 /* Sources */,
				OBJ_44 /* Frameworks */,
			);
			dependencies = (
			);
			name = Selm;
			productName = Selm;
			productReference = "Selm::Selm::Product" /* Selm.framework */;
			productType = "com.apple.product-type.framework";
		};
		"Selm::SelmTests" /* SelmTests */ = {
			isa = PBXNativeTarget;
			buildConfigurationList = OBJ_57 /* Build configuration list for PBXNativeTarget "SelmTests" */;
			buildPhases = (
				OBJ_60 /* Sources */,
				OBJ_66 /* Frameworks */,
			);
			dependencies = (
				OBJ_68 /* PBXTargetDependency */,
			);
			name = SelmTests;
			productName = SelmTests;
			productReference = "Selm::SelmTests::Product" /* SelmTests.xctest */;
			productType = "com.apple.product-type.bundle.unit-test";
		};
		"Selm::SwiftPMPackageDescription" /* SelmPackageDescription */ = {
			isa = PBXNativeTarget;
			buildConfigurationList = OBJ_46 /* Build configuration list for PBXNativeTarget "SelmPackageDescription" */;
			buildPhases = (
				OBJ_49 /* Sources */,
			);
			dependencies = (
			);
			name = SelmPackageDescription;
			productName = SelmPackageDescription;
			productType = "com.apple.product-type.framework";
		};
/* End PBXNativeTarget section */

/* Begin PBXProject section */
		OBJ_1 /* Project object */ = {
			isa = PBXProject;
			attributes = {
				LastSwiftMigration = 9999;
				LastUpgradeCheck = 9999;
			};
			buildConfigurationList = OBJ_2 /* Build configuration list for PBXProject "Selm" */;
			compatibilityVersion = "Xcode 3.2";
			developmentRegion = English;
			hasScannedForEncodings = 0;
			knownRegions = (
				en,
			);
			mainGroup = OBJ_5 /*  */;
			productRefGroup = OBJ_26 /* Products */;
			projectDirPath = .;
			targets = (
				"Selm::Selm" /* Selm */,
				"Selm::SwiftPMPackageDescription" /* SelmPackageDescription */,
				"Selm::SelmPackageTests::ProductTarget" /* SelmPackageTests */,
				"Selm::SelmTests" /* SelmTests */,
			);
		};
/* End PBXProject section */

/* Begin PBXSourcesBuildPhase section */
		OBJ_35 /* Sources */ = {
			isa = PBXSourcesBuildPhase;
			files = (
				OBJ_36 /* Cmd.swift in Sources */,
				OBJ_37 /* Dispatcher.swift in Sources */,
				OBJ_38 /* Functions.swift in Sources */,
				OBJ_39 /* LifecycleMsgProtocol.swift in Sources */,
				OBJ_40 /* LifecycleWireframeProtocol.swift in Sources */,
				OBJ_41 /* Runner.swift in Sources */,
				OBJ_42 /* Types.swift in Sources */,
				OBJ_43 /* ViewProtocol.swift in Sources */,
				CB876FC4E3EF21E378FF2A1C /* UIViewController+ViewProtocol.swift in Sources */,
				CB876D2AD218947043CA7FD4 /* LifecycleWireframeProtocol+Extensions.swift in Sources */,
				CB876C6D5A2D821BFF70F731 /* LifecycleObservation.swift in Sources */,
				CB8760330F04012D646B11CE /* UIViewController+Swizzling.swift in Sources */,
			);
		};
		OBJ_49 /* Sources */ = {
			isa = PBXSourcesBuildPhase;
			files = (
				OBJ_50 /* Package.swift in Sources */,
			);
		};
		OBJ_60 /* Sources */ = {
			isa = PBXSourcesBuildPhase;
			files = (
				OBJ_61 /* CmdTests.swift in Sources */,
				OBJ_62 /* DispatcherTests.swift in Sources */,
				OBJ_63 /* FunctionsTests.swift in Sources */,
				OBJ_64 /* RunnerTests.swift in Sources */,
				OBJ_65 /* XCTestManifests.swift in Sources */,
			);
		};
/* End PBXSourcesBuildPhase section */

/* Begin PBXTargetDependency section */
		OBJ_55 /* PBXTargetDependency */ = {
			isa = PBXTargetDependency;
			target = "Selm::SelmTests" /* SelmTests */;
		};
		OBJ_68 /* PBXTargetDependency */ = {
			isa = PBXTargetDependency;
			target = "Selm::Selm" /* Selm */;
		};
/* End PBXTargetDependency section */

/* Begin XCBuildConfiguration section */
		OBJ_3 /* Debug */ = {
			isa = XCBuildConfiguration;
			buildSettings = {
				CLANG_ENABLE_OBJC_ARC = YES;
				COMBINE_HIDPI_IMAGES = YES;
				COPY_PHASE_STRIP = NO;
				DEBUG_INFORMATION_FORMAT = dwarf;
				DYLIB_INSTALL_NAME_BASE = "@rpath";
				ENABLE_NS_ASSERTIONS = YES;
				GCC_OPTIMIZATION_LEVEL = 0;
				GCC_PREPROCESSOR_DEFINITIONS = (
					"$(inherited)",
					"SWIFT_PACKAGE=1",
					"DEBUG=1",
				);
				MACOSX_DEPLOYMENT_TARGET = 10.10;
				ONLY_ACTIVE_ARCH = YES;
				OTHER_SWIFT_FLAGS = (
					"-DXcode",
				);
				PRODUCT_NAME = "$(TARGET_NAME)";
				SDKROOT = macosx;
				SUPPORTED_PLATFORMS = (
					macosx,
					iphoneos,
					iphonesimulator,
					appletvos,
					appletvsimulator,
					watchos,
					watchsimulator,
				);
				SWIFT_ACTIVE_COMPILATION_CONDITIONS = (
					"$(inherited)",
					SWIFT_PACKAGE,
					DEBUG,
				);
				SWIFT_OPTIMIZATION_LEVEL = "-Onone";
				USE_HEADERMAP = NO;
			};
			name = Debug;
		};
		OBJ_33 /* Debug */ = {
			isa = XCBuildConfiguration;
			baseConfigurationReference = OBJ_8 /* ios.xcconfig */;
			buildSettings = {
				ENABLE_TESTABILITY = YES;
				FRAMEWORK_SEARCH_PATHS = (
					"$(inherited)",
					"$(PLATFORM_DIR)/Developer/Library/Frameworks",
				);
				HEADER_SEARCH_PATHS = (
					"$(inherited)",
				);
				INFOPLIST_FILE = Selm.xcodeproj/Selm_Info.plist;
				IPHONEOS_DEPLOYMENT_TARGET = 8.0;
				LD_RUNPATH_SEARCH_PATHS = (
					"$(inherited)",
					"$(TOOLCHAIN_DIR)/usr/lib/swift/macosx",
				);
				MACOSX_DEPLOYMENT_TARGET = 10.10;
				OTHER_CFLAGS = (
					"$(inherited)",
				);
				OTHER_LDFLAGS = (
					"$(inherited)",
				);
				OTHER_SWIFT_FLAGS = (
					"$(inherited)",
				);
				PRODUCT_BUNDLE_IDENTIFIER = Selm;
				PRODUCT_MODULE_NAME = "$(TARGET_NAME:c99extidentifier)";
				PRODUCT_NAME = "$(TARGET_NAME:c99extidentifier)";
				SKIP_INSTALL = YES;
				SWIFT_ACTIVE_COMPILATION_CONDITIONS = (
					"$(inherited)",
				);
				SWIFT_VERSION = 5.0;
				TARGET_NAME = Selm;
				TVOS_DEPLOYMENT_TARGET = 9.0;
				WATCHOS_DEPLOYMENT_TARGET = 2.0;
			};
			name = Debug;
		};
		OBJ_34 /* Release */ = {
			isa = XCBuildConfiguration;
			baseConfigurationReference = OBJ_8 /* ios.xcconfig */;
			buildSettings = {
				ENABLE_TESTABILITY = YES;
				FRAMEWORK_SEARCH_PATHS = (
					"$(inherited)",
					"$(PLATFORM_DIR)/Developer/Library/Frameworks",
				);
				HEADER_SEARCH_PATHS = (
					"$(inherited)",
				);
				INFOPLIST_FILE = Selm.xcodeproj/Selm_Info.plist;
				IPHONEOS_DEPLOYMENT_TARGET = 8.0;
				LD_RUNPATH_SEARCH_PATHS = (
					"$(inherited)",
					"$(TOOLCHAIN_DIR)/usr/lib/swift/macosx",
				);
				MACOSX_DEPLOYMENT_TARGET = 10.10;
				OTHER_CFLAGS = (
					"$(inherited)",
				);
				OTHER_LDFLAGS = (
					"$(inherited)",
				);
				OTHER_SWIFT_FLAGS = (
					"$(inherited)",
				);
				PRODUCT_BUNDLE_IDENTIFIER = Selm;
				PRODUCT_MODULE_NAME = "$(TARGET_NAME:c99extidentifier)";
				PRODUCT_NAME = "$(TARGET_NAME:c99extidentifier)";
				SKIP_INSTALL = YES;
				SWIFT_ACTIVE_COMPILATION_CONDITIONS = (
					"$(inherited)",
				);
				SWIFT_VERSION = 5.0;
				TARGET_NAME = Selm;
				TVOS_DEPLOYMENT_TARGET = 9.0;
				WATCHOS_DEPLOYMENT_TARGET = 2.0;
			};
			name = Release;
		};
		OBJ_4 /* Release */ = {
			isa = XCBuildConfiguration;
			buildSettings = {
				CLANG_ENABLE_OBJC_ARC = YES;
				COMBINE_HIDPI_IMAGES = YES;
				COPY_PHASE_STRIP = YES;
				DEBUG_INFORMATION_FORMAT = "dwarf-with-dsym";
				DYLIB_INSTALL_NAME_BASE = "@rpath";
				GCC_OPTIMIZATION_LEVEL = s;
				GCC_PREPROCESSOR_DEFINITIONS = (
					"$(inherited)",
					"SWIFT_PACKAGE=1",
				);
				MACOSX_DEPLOYMENT_TARGET = 10.10;
				OTHER_SWIFT_FLAGS = (
					"-DXcode",
				);
				PRODUCT_NAME = "$(TARGET_NAME)";
				SDKROOT = macosx;
				SUPPORTED_PLATFORMS = (
					macosx,
					iphoneos,
					iphonesimulator,
					appletvos,
					appletvsimulator,
					watchos,
					watchsimulator,
				);
				SWIFT_ACTIVE_COMPILATION_CONDITIONS = (
					"$(inherited)",
					SWIFT_PACKAGE,
				);
				SWIFT_OPTIMIZATION_LEVEL = "-Owholemodule";
				USE_HEADERMAP = NO;
			};
			name = Release;
		};
		OBJ_47 /* Debug */ = {
			isa = XCBuildConfiguration;
			buildSettings = {
				LD = /usr/bin/true;
				OTHER_SWIFT_FLAGS = (
					"-swift-version",
					5,
					"-I",
					"$(TOOLCHAIN_DIR)/usr/lib/swift/pm/4_2",
					"-target",
					"x86_64-apple-macosx10.10",
					"-sdk",
					/Applications/Xcode.app/Contents/Developer/Platforms/MacOSX.platform/Developer/SDKs/MacOSX10.14.sdk,
				);
				SWIFT_VERSION = 5.0;
			};
			name = Debug;
		};
		OBJ_48 /* Release */ = {
			isa = XCBuildConfiguration;
			buildSettings = {
				LD = /usr/bin/true;
				OTHER_SWIFT_FLAGS = (
					"-swift-version",
					5,
					"-I",
					"$(TOOLCHAIN_DIR)/usr/lib/swift/pm/4_2",
					"-target",
					"x86_64-apple-macosx10.10",
					"-sdk",
					/Applications/Xcode.app/Contents/Developer/Platforms/MacOSX.platform/Developer/SDKs/MacOSX10.14.sdk,
				);
				SWIFT_VERSION = 5.0;
			};
			name = Release;
		};
		OBJ_53 /* Debug */ = {
			isa = XCBuildConfiguration;
			buildSettings = {
			};
			name = Debug;
		};
		OBJ_54 /* Release */ = {
			isa = XCBuildConfiguration;
			buildSettings = {
			};
			name = Release;
		};
		OBJ_58 /* Debug */ = {
			isa = XCBuildConfiguration;
			baseConfigurationReference = OBJ_8 /* ios.xcconfig */;
			buildSettings = {
				CLANG_ENABLE_MODULES = YES;
				EMBEDDED_CONTENT_CONTAINS_SWIFT = YES;
				FRAMEWORK_SEARCH_PATHS = (
					"$(inherited)",
					"$(PLATFORM_DIR)/Developer/Library/Frameworks",
				);
				HEADER_SEARCH_PATHS = (
					"$(inherited)",
				);
				INFOPLIST_FILE = Selm.xcodeproj/SelmTests_Info.plist;
				IPHONEOS_DEPLOYMENT_TARGET = 8.0;
				LD_RUNPATH_SEARCH_PATHS = (
					"$(inherited)",
					"@loader_path/../Frameworks",
					"@loader_path/Frameworks",
				);
				MACOSX_DEPLOYMENT_TARGET = 10.10;
				OTHER_CFLAGS = (
					"$(inherited)",
				);
				OTHER_LDFLAGS = (
					"$(inherited)",
				);
				OTHER_SWIFT_FLAGS = (
					"$(inherited)",
				);
				SWIFT_ACTIVE_COMPILATION_CONDITIONS = (
					"$(inherited)",
				);
				SWIFT_VERSION = 5.0;
				TARGET_NAME = SelmTests;
				TVOS_DEPLOYMENT_TARGET = 9.0;
				WATCHOS_DEPLOYMENT_TARGET = 2.0;
			};
			name = Debug;
		};
		OBJ_59 /* Release */ = {
			isa = XCBuildConfiguration;
			baseConfigurationReference = OBJ_8 /* ios.xcconfig */;
			buildSettings = {
				CLANG_ENABLE_MODULES = YES;
				EMBEDDED_CONTENT_CONTAINS_SWIFT = YES;
				FRAMEWORK_SEARCH_PATHS = (
					"$(inherited)",
					"$(PLATFORM_DIR)/Developer/Library/Frameworks",
				);
				HEADER_SEARCH_PATHS = (
					"$(inherited)",
				);
				INFOPLIST_FILE = Selm.xcodeproj/SelmTests_Info.plist;
				IPHONEOS_DEPLOYMENT_TARGET = 8.0;
				LD_RUNPATH_SEARCH_PATHS = (
					"$(inherited)",
					"@loader_path/../Frameworks",
					"@loader_path/Frameworks",
				);
				MACOSX_DEPLOYMENT_TARGET = 10.10;
				OTHER_CFLAGS = (
					"$(inherited)",
				);
				OTHER_LDFLAGS = (
					"$(inherited)",
				);
				OTHER_SWIFT_FLAGS = (
					"$(inherited)",
				);
				SWIFT_ACTIVE_COMPILATION_CONDITIONS = (
					"$(inherited)",
				);
				SWIFT_VERSION = 5.0;
				TARGET_NAME = SelmTests;
				TVOS_DEPLOYMENT_TARGET = 9.0;
				WATCHOS_DEPLOYMENT_TARGET = 2.0;
			};
			name = Release;
		};
/* End XCBuildConfiguration section */

/* Begin XCConfigurationList section */
		OBJ_2 /* Build configuration list for PBXProject "Selm" */ = {
			isa = XCConfigurationList;
			buildConfigurations = (
				OBJ_3 /* Debug */,
				OBJ_4 /* Release */,
			);
			defaultConfigurationIsVisible = 0;
			defaultConfigurationName = Release;
		};
		OBJ_32 /* Build configuration list for PBXNativeTarget "Selm" */ = {
			isa = XCConfigurationList;
			buildConfigurations = (
				OBJ_33 /* Debug */,
				OBJ_34 /* Release */,
			);
			defaultConfigurationIsVisible = 0;
			defaultConfigurationName = Release;
		};
		OBJ_46 /* Build configuration list for PBXNativeTarget "SelmPackageDescription" */ = {
			isa = XCConfigurationList;
			buildConfigurations = (
				OBJ_47 /* Debug */,
				OBJ_48 /* Release */,
			);
			defaultConfigurationIsVisible = 0;
			defaultConfigurationName = Release;
		};
		OBJ_52 /* Build configuration list for PBXAggregateTarget "SelmPackageTests" */ = {
			isa = XCConfigurationList;
			buildConfigurations = (
				OBJ_53 /* Debug */,
				OBJ_54 /* Release */,
			);
			defaultConfigurationIsVisible = 0;
			defaultConfigurationName = Release;
		};
		OBJ_57 /* Build configuration list for PBXNativeTarget "SelmTests" */ = {
			isa = XCConfigurationList;
			buildConfigurations = (
				OBJ_58 /* Debug */,
				OBJ_59 /* Release */,
			);
			defaultConfigurationIsVisible = 0;
			defaultConfigurationName = Release;
		};
/* End XCConfigurationList section */
	};
	rootObject = OBJ_1 /* Project object */;
}
